
Microsoft Visual Studio Solution File, Format Version 12.00
# Visual Studio Version 17
VisualStudioVersion = 17.3.32819.101
MinimumVisualStudioVersion = 10.0.40219.1
Project("{FAE04EC0-301F-11D3-BF4B-00C04F79EFBC}") = "ScheduleControl", "ScheduleControl\ScheduleControl.csproj", "{188A6C96-88A9-4486-A83D-E741682BE0BA}"
EndProject
Project("{FAE04EC0-301F-11D3-BF4B-00C04F79EFBC}") = "TestEnvironment", "TestEnvironment\TestEnvironment.csproj", "{3BEF2300-9575-4FBE-B4A3-E517E57C08F3}"
EndProject
Global
	GlobalSection(SolutionConfigurationPlatforms) = preSolution
		Debug|Any CPU = Debug|Any CPU
		Release|Any CPU = Release|Any CPU
	EndGlobalSection
	GlobalSection(ProjectConfigurationPlatforms) = postSolution
		{188A6C96-88A9-4486-A83D-E741682BE0BA}.Debug|Any CPU.ActiveCfg = Debug|Any CPU
		{188A6C96-88A9-4486-A83D-E741682BE0BA}.Debug|Any CPU.Build.0 = Debug|Any CPU
		{188A6C96-88A9-4486-A83D-E741682BE0BA}.Release|Any CPU.ActiveCfg = Release|Any CPU
		{188A6C96-88A9-4486-A83D-E741682BE0BA}.Release|Any CPU.Build.0 = Release|Any CPU
		{3BEF2300-9575-4FBE-B4A3-E517E57C08F3}.Debug|Any CPU.ActiveCfg = Debug|Any CPU
		{3BEF2300-9575-4FBE-B4A3-E517E57C08F3}.Debug|Any CPU.Build.0 = Debug|Any CPU
		{3BEF2300-9575-4FBE-B4A3-E517E57C08F3}.Release|Any CPU.ActiveCfg = Release|Any CPU
		{3BEF2300-9575-4FBE-B4A3-E517E57C08F3}.Release|Any CPU.Build.0 = Release|Any CPU
	EndGlobalSection
	GlobalSection(SolutionProperties) = preSolution
		HideSolutionNode = FALSE
	EndGlobalSection
	GlobalSection(ExtensibilityGlobals) = postSolution
		SolutionGuid = {56DD331D-8B14-40AE-AD92-1D9BD24BA433}
	EndGlobalSection
EndGlobal
